
Microsoft Visual Studio Solution File, Format Version 12.00
# Visual Studio Version 16
VisualStudioVersion = 16.0.32228.343
MinimumVisualStudioVersion = 10.0.40219.1
Project("{FAE04EC0-301F-11D3-BF4B-00C04F79EFBC}") = "starsInfo", "starsInfo\starsInfo.csproj", "{D9026D96-BEBC-4C3A-87DC-A81A5269FE7D}"
EndProject
Global
	GlobalSection(SolutionConfigurationPlatforms) = preSolution
		Debug|Any CPU = Debug|Any CPU
		Release|Any CPU = Release|Any CPU
	EndGlobalSection
	GlobalSection(ProjectConfigurationPlatforms) = postSolution
		{D9026D96-BEBC-4C3A-87DC-A81A5269FE7D}.Debug|Any CPU.ActiveCfg = Debug|Any CPU
		{D9026D96-BEBC-4C3A-87DC-A81A5269FE7D}.Debug|Any CPU.Build.0 = Debug|Any CPU
		{D9026D96-BEBC-4C3A-87DC-A81A5269FE7D}.Release|Any CPU.ActiveCfg = Release|Any CPU
		{D9026D96-BEBC-4C3A-87DC-A81A5269FE7D}.Release|Any CPU.Build.0 = Release|Any CPU
	EndGlobalSection
	GlobalSection(SolutionProperties) = preSolution
		HideSolutionNode = FALSE
	EndGlobalSection
	GlobalSection(ExtensibilityGlobals) = postSolution
		SolutionGuid = {EBE5669F-16A9-4726-8DDA-D4598B3833AA}
	EndGlobalSection
EndGlobal
